// !$*UTF8*$!
{
	archiveVersion = 1;
	classes = {
	};
	objectVersion = 50;
	objects = {

/* Begin PBXBuildFile section */
		B47BB49226379EB9002AD73C /* UIView+Constraints.swift in Sources */ = {isa = PBXBuildFile; fileRef = B47BB49126379EB9002AD73C /* UIView+Constraints.swift */; };
		B47BB49D2637A1B7002AD73C /* HomeView.swift in Sources */ = {isa = PBXBuildFile; fileRef = B47BB49C2637A1B7002AD73C /* HomeView.swift */; };
		B47BB4A22637A39D002AD73C /* UIColor+Hex.swift in Sources */ = {isa = PBXBuildFile; fileRef = B47BB4A12637A39D002AD73C /* UIColor+Hex.swift */; };
		B4DB86D326379A550088303E /* AppDelegate.swift in Sources */ = {isa = PBXBuildFile; fileRef = B4DB86D226379A550088303E /* AppDelegate.swift */; };
		B4DB86D526379A550088303E /* SceneDelegate.swift in Sources */ = {isa = PBXBuildFile; fileRef = B4DB86D426379A550088303E /* SceneDelegate.swift */; };
		B4DB86D726379A550088303E /* HomeViewController.swift in Sources */ = {isa = PBXBuildFile; fileRef = B4DB86D626379A550088303E /* HomeViewController.swift */; };
		B4DB86DD26379A550088303E /* Weathercat.xcdatamodeld in Sources */ = {isa = PBXBuildFile; fileRef = B4DB86DB26379A550088303E /* Weathercat.xcdatamodeld */; };
		B4DB86DF26379A590088303E /* Assets.xcassets in Resources */ = {isa = PBXBuildFile; fileRef = B4DB86DE26379A590088303E /* Assets.xcassets */; };
		B4DB86E226379A590088303E /* LaunchScreen.storyboard in Resources */ = {isa = PBXBuildFile; fileRef = B4DB86E026379A590088303E /* LaunchScreen.storyboard */; };
		B4DB86ED26379A590088303E /* WeathercatTests.swift in Sources */ = {isa = PBXBuildFile; fileRef = B4DB86EC26379A590088303E /* WeathercatTests.swift */; };
		B4DB86F826379A590088303E /* WeathercatUITests.swift in Sources */ = {isa = PBXBuildFile; fileRef = B4DB86F726379A590088303E /* WeathercatUITests.swift */; };
		B4DB870C26379B4F0088303E /* HomeViewModel.swift in Sources */ = {isa = PBXBuildFile; fileRef = B4DB870B26379B4F0088303E /* HomeViewModel.swift */; };
/* End PBXBuildFile section */

/* Begin PBXContainerItemProxy section */
		B4DB86E926379A590088303E /* PBXContainerItemProxy */ = {
			isa = PBXContainerItemProxy;
			containerPortal = B4DB86C726379A550088303E /* Project object */;
			proxyType = 1;
			remoteGlobalIDString = B4DB86CE26379A550088303E;
			remoteInfo = Weathercat;
		};
		B4DB86F426379A590088303E /* PBXContainerItemProxy */ = {
			isa = PBXContainerItemProxy;
			containerPortal = B4DB86C726379A550088303E /* Project object */;
			proxyType = 1;
			remoteGlobalIDString = B4DB86CE26379A550088303E;
			remoteInfo = Weathercat;
		};
/* End PBXContainerItemProxy section */

/* Begin PBXFileReference section */
		B47BB49126379EB9002AD73C /* UIView+Constraints.swift */ = {isa = PBXFileReference; lastKnownFileType = sourcecode.swift; path = "UIView+Constraints.swift"; sourceTree = "<group>"; };
		B47BB49C2637A1B7002AD73C /* HomeView.swift */ = {isa = PBXFileReference; lastKnownFileType = sourcecode.swift; path = HomeView.swift; sourceTree = "<group>"; };
		B47BB4A12637A39D002AD73C /* UIColor+Hex.swift */ = {isa = PBXFileReference; lastKnownFileType = sourcecode.swift; path = "UIColor+Hex.swift"; sourceTree = "<group>"; };
		B4DB86CF26379A550088303E /* Weathercat.app */ = {isa = PBXFileReference; explicitFileType = wrapper.application; includeInIndex = 0; path = Weathercat.app; sourceTree = BUILT_PRODUCTS_DIR; };
		B4DB86D226379A550088303E /* AppDelegate.swift */ = {isa = PBXFileReference; lastKnownFileType = sourcecode.swift; path = AppDelegate.swift; sourceTree = "<group>"; };
		B4DB86D426379A550088303E /* SceneDelegate.swift */ = {isa = PBXFileReference; lastKnownFileType = sourcecode.swift; path = SceneDelegate.swift; sourceTree = "<group>"; };
		B4DB86D626379A550088303E /* HomeViewController.swift */ = {isa = PBXFileReference; lastKnownFileType = sourcecode.swift; path = HomeViewController.swift; sourceTree = "<group>"; };
		B4DB86DC26379A550088303E /* Weathercat.xcdatamodel */ = {isa = PBXFileReference; lastKnownFileType = wrapper.xcdatamodel; path = Weathercat.xcdatamodel; sourceTree = "<group>"; };
		B4DB86DE26379A590088303E /* Assets.xcassets */ = {isa = PBXFileReference; lastKnownFileType = folder.assetcatalog; path = Assets.xcassets; sourceTree = "<group>"; };
		B4DB86E126379A590088303E /* Base */ = {isa = PBXFileReference; lastKnownFileType = file.storyboard; name = Base; path = Base.lproj/LaunchScreen.storyboard; sourceTree = "<group>"; };
		B4DB86E326379A590088303E /* Info.plist */ = {isa = PBXFileReference; lastKnownFileType = text.plist.xml; path = Info.plist; sourceTree = "<group>"; };
		B4DB86E826379A590088303E /* WeathercatTests.xctest */ = {isa = PBXFileReference; explicitFileType = wrapper.cfbundle; includeInIndex = 0; path = WeathercatTests.xctest; sourceTree = BUILT_PRODUCTS_DIR; };
		B4DB86EC26379A590088303E /* WeathercatTests.swift */ = {isa = PBXFileReference; lastKnownFileType = sourcecode.swift; path = WeathercatTests.swift; sourceTree = "<group>"; };
		B4DB86EE26379A590088303E /* Info.plist */ = {isa = PBXFileReference; lastKnownFileType = text.plist.xml; path = Info.plist; sourceTree = "<group>"; };
		B4DB86F326379A590088303E /* WeathercatUITests.xctest */ = {isa = PBXFileReference; explicitFileType = wrapper.cfbundle; includeInIndex = 0; path = WeathercatUITests.xctest; sourceTree = BUILT_PRODUCTS_DIR; };
		B4DB86F726379A590088303E /* WeathercatUITests.swift */ = {isa = PBXFileReference; lastKnownFileType = sourcecode.swift; path = WeathercatUITests.swift; sourceTree = "<group>"; };
		B4DB86F926379A590088303E /* Info.plist */ = {isa = PBXFileReference; lastKnownFileType = text.plist.xml; path = Info.plist; sourceTree = "<group>"; };
		B4DB870B26379B4F0088303E /* HomeViewModel.swift */ = {isa = PBXFileReference; lastKnownFileType = sourcecode.swift; path = HomeViewModel.swift; sourceTree = "<group>"; };
/* End PBXFileReference section */

/* Begin PBXFrameworksBuildPhase section */
		B4DB86CC26379A550088303E /* Frameworks */ = {
			isa = PBXFrameworksBuildPhase;
			buildActionMask = 2147483647;
			files = (
			);
			runOnlyForDeploymentPostprocessing = 0;
		};
		B4DB86E526379A590088303E /* Frameworks */ = {
			isa = PBXFrameworksBuildPhase;
			buildActionMask = 2147483647;
			files = (
			);
			runOnlyForDeploymentPostprocessing = 0;
		};
		B4DB86F026379A590088303E /* Frameworks */ = {
			isa = PBXFrameworksBuildPhase;
			buildActionMask = 2147483647;
			files = (
			);
			runOnlyForDeploymentPostprocessing = 0;
		};
/* End PBXFrameworksBuildPhase section */

/* Begin PBXGroup section */
		B47BB48F26379E9A002AD73C /* Extensions */ = {
			isa = PBXGroup;
			children = (
				B47BB49126379EB9002AD73C /* UIView+Constraints.swift */,
				B47BB4A12637A39D002AD73C /* UIColor+Hex.swift */,
			);
			path = Extensions;
			sourceTree = "<group>";
		};
		B4DB86C626379A550088303E = {
			isa = PBXGroup;
			children = (
				B4DB86D126379A550088303E /* Weathercat */,
				B4DB86EB26379A590088303E /* WeathercatTests */,
				B4DB86F626379A590088303E /* WeathercatUITests */,
				B4DB86D026379A550088303E /* Products */,
			);
			sourceTree = "<group>";
		};
		B4DB86D026379A550088303E /* Products */ = {
			isa = PBXGroup;
			children = (
				B4DB86CF26379A550088303E /* Weathercat.app */,
				B4DB86E826379A590088303E /* WeathercatTests.xctest */,
				B4DB86F326379A590088303E /* WeathercatUITests.xctest */,
			);
			name = Products;
			sourceTree = "<group>";
		};
		B4DB86D126379A550088303E /* Weathercat */ = {
			isa = PBXGroup;
			children = (
				B47BB48F26379E9A002AD73C /* Extensions */,
				B4DB86E326379A590088303E /* Info.plist */,
				B4DB870A26379B180088303E /* BaseFiles */,
				B4DB870826379B0B0088303E /* Features */,
			);
			path = Weathercat;
			sourceTree = "<group>";
		};
		B4DB86EB26379A590088303E /* WeathercatTests */ = {
			isa = PBXGroup;
			children = (
				B4DB86EC26379A590088303E /* WeathercatTests.swift */,
				B4DB86EE26379A590088303E /* Info.plist */,
			);
			path = WeathercatTests;
			sourceTree = "<group>";
		};
		B4DB86F626379A590088303E /* WeathercatUITests */ = {
			isa = PBXGroup;
			children = (
				B4DB86F726379A590088303E /* WeathercatUITests.swift */,
				B4DB86F926379A590088303E /* Info.plist */,
			);
			path = WeathercatUITests;
			sourceTree = "<group>";
		};
		B4DB870826379B0B0088303E /* Features */ = {
			isa = PBXGroup;
			children = (
				B4DB870926379B120088303E /* Home */,
			);
			path = Features;
			sourceTree = "<group>";
		};
		B4DB870926379B120088303E /* Home */ = {
			isa = PBXGroup;
			children = (
				B4DB86D626379A550088303E /* HomeViewController.swift */,
				B4DB870B26379B4F0088303E /* HomeViewModel.swift */,
				B47BB49C2637A1B7002AD73C /* HomeView.swift */,
			);
			path = Home;
			sourceTree = "<group>";
		};
		B4DB870A26379B180088303E /* BaseFiles */ = {
			isa = PBXGroup;
			children = (
				B4DB86D226379A550088303E /* AppDelegate.swift */,
				B4DB86D426379A550088303E /* SceneDelegate.swift */,
				B4DB86DE26379A590088303E /* Assets.xcassets */,
				B4DB86E026379A590088303E /* LaunchScreen.storyboard */,
				B4DB86DB26379A550088303E /* Weathercat.xcdatamodeld */,
			);
			path = BaseFiles;
			sourceTree = "<group>";
		};
/* End PBXGroup section */

/* Begin PBXNativeTarget section */
		B4DB86CE26379A550088303E /* Weathercat */ = {
			isa = PBXNativeTarget;
			buildConfigurationList = B4DB86FC26379A590088303E /* Build configuration list for PBXNativeTarget "Weathercat" */;
			buildPhases = (
				B4DB86CB26379A550088303E /* Sources */,
				B4DB86CC26379A550088303E /* Frameworks */,
				B4DB86CD26379A550088303E /* Resources */,
			);
			buildRules = (
			);
			dependencies = (
			);
			name = Weathercat;
			productName = Weathercat;
			productReference = B4DB86CF26379A550088303E /* Weathercat.app */;
			productType = "com.apple.product-type.application";
		};
		B4DB86E726379A590088303E /* WeathercatTests */ = {
			isa = PBXNativeTarget;
			buildConfigurationList = B4DB86FF26379A590088303E /* Build configuration list for PBXNativeTarget "WeathercatTests" */;
			buildPhases = (
				B4DB86E426379A590088303E /* Sources */,
				B4DB86E526379A590088303E /* Frameworks */,
				B4DB86E626379A590088303E /* Resources */,
			);
			buildRules = (
			);
			dependencies = (
				B4DB86EA26379A590088303E /* PBXTargetDependency */,
			);
			name = WeathercatTests;
			productName = WeathercatTests;
			productReference = B4DB86E826379A590088303E /* WeathercatTests.xctest */;
			productType = "com.apple.product-type.bundle.unit-test";
		};
		B4DB86F226379A590088303E /* WeathercatUITests */ = {
			isa = PBXNativeTarget;
			buildConfigurationList = B4DB870226379A590088303E /* Build configuration list for PBXNativeTarget "WeathercatUITests" */;
			buildPhases = (
				B4DB86EF26379A590088303E /* Sources */,
				B4DB86F026379A590088303E /* Frameworks */,
				B4DB86F126379A590088303E /* Resources */,
			);
			buildRules = (
			);
			dependencies = (
				B4DB86F526379A590088303E /* PBXTargetDependency */,
			);
			name = WeathercatUITests;
			productName = WeathercatUITests;
			productReference = B4DB86F326379A590088303E /* WeathercatUITests.xctest */;
			productType = "com.apple.product-type.bundle.ui-testing";
		};
/* End PBXNativeTarget section */

/* Begin PBXProject section */
		B4DB86C726379A550088303E /* Project object */ = {
			isa = PBXProject;
			attributes = {
				LastSwiftUpdateCheck = 1240;
				LastUpgradeCheck = 1240;
				TargetAttributes = {
					B4DB86CE26379A550088303E = {
						CreatedOnToolsVersion = 12.4;
					};
					B4DB86E726379A590088303E = {
						CreatedOnToolsVersion = 12.4;
						TestTargetID = B4DB86CE26379A550088303E;
					};
					B4DB86F226379A590088303E = {
						CreatedOnToolsVersion = 12.4;
						TestTargetID = B4DB86CE26379A550088303E;
					};
				};
			};
			buildConfigurationList = B4DB86CA26379A550088303E /* Build configuration list for PBXProject "Weathercat" */;
			compatibilityVersion = "Xcode 9.3";
			developmentRegion = en;
			hasScannedForEncodings = 0;
			knownRegions = (
				en,
				Base,
			);
			mainGroup = B4DB86C626379A550088303E;
			productRefGroup = B4DB86D026379A550088303E /* Products */;
			projectDirPath = "";
			projectRoot = "";
			targets = (
				B4DB86CE26379A550088303E /* Weathercat */,
				B4DB86E726379A590088303E /* WeathercatTests */,
				B4DB86F226379A590088303E /* WeathercatUITests */,
			);
		};
/* End PBXProject section */

/* Begin PBXResourcesBuildPhase section */
		B4DB86CD26379A550088303E /* Resources */ = {
			isa = PBXResourcesBuildPhase;
			buildActionMask = 2147483647;
			files = (
				B4DB86E226379A590088303E /* LaunchScreen.storyboard in Resources */,
				B4DB86DF26379A590088303E /* Assets.xcassets in Resources */,
			);
			runOnlyForDeploymentPostprocessing = 0;
		};
		B4DB86E626379A590088303E /* Resources */ = {
			isa = PBXResourcesBuildPhase;
			buildActionMask = 2147483647;
			files = (
			);
			runOnlyForDeploymentPostprocessing = 0;
		};
		B4DB86F126379A590088303E /* Resources */ = {
			isa = PBXResourcesBuildPhase;
			buildActionMask = 2147483647;
			files = (
			);
			runOnlyForDeploymentPostprocessing = 0;
		};
/* End PBXResourcesBuildPhase section */

/* Begin PBXSourcesBuildPhase section */
		B4DB86CB26379A550088303E /* Sources */ = {
			isa = PBXSourcesBuildPhase;
			buildActionMask = 2147483647;
			files = (
				B4DB86D726379A550088303E /* HomeViewController.swift in Sources */,
				B47BB4A22637A39D002AD73C /* UIColor+Hex.swift in Sources */,
				B47BB49D2637A1B7002AD73C /* HomeView.swift in Sources */,
				B4DB86D326379A550088303E /* AppDelegate.swift in Sources */,
				B4DB86D526379A550088303E /* SceneDelegate.swift in Sources */,
				B47BB49226379EB9002AD73C /* UIView+Constraints.swift in Sources */,
				B4DB870C26379B4F0088303E /* HomeViewModel.swift in Sources */,
				B4DB86DD26379A550088303E /* Weathercat.xcdatamodeld in Sources */,
			);
			runOnlyForDeploymentPostprocessing = 0;
		};
		B4DB86E426379A590088303E /* Sources */ = {
			isa = PBXSourcesBuildPhase;
			buildActionMask = 2147483647;
			files = (
				B4DB86ED26379A590088303E /* WeathercatTests.swift in Sources */,
			);
			runOnlyForDeploymentPostprocessing = 0;
		};
		B4DB86EF26379A590088303E /* Sources */ = {
			isa = PBXSourcesBuildPhase;
			buildActionMask = 2147483647;
			files = (
				B4DB86F826379A590088303E /* WeathercatUITests.swift in Sources */,
			);
			runOnlyForDeploymentPostprocessing = 0;
		};
/* End PBXSourcesBuildPhase section */

/* Begin PBXTargetDependency section */
		B4DB86EA26379A590088303E /* PBXTargetDependency */ = {
			isa = PBXTargetDependency;
			target = B4DB86CE26379A550088303E /* Weathercat */;
			targetProxy = B4DB86E926379A590088303E /* PBXContainerItemProxy */;
		};
		B4DB86F526379A590088303E /* PBXTargetDependency */ = {
			isa = PBXTargetDependency;
			target = B4DB86CE26379A550088303E /* Weathercat */;
			targetProxy = B4DB86F426379A590088303E /* PBXContainerItemProxy */;
		};
/* End PBXTargetDependency section */

/* Begin PBXVariantGroup section */
		B4DB86E026379A590088303E /* LaunchScreen.storyboard */ = {
			isa = PBXVariantGroup;
			children = (
				B4DB86E126379A590088303E /* Base */,
			);
			name = LaunchScreen.storyboard;
			sourceTree = "<group>";
		};
/* End PBXVariantGroup section */

/* Begin XCBuildConfiguration section */
		B4DB86FA26379A590088303E /* Debug */ = {
			isa = XCBuildConfiguration;
			buildSettings = {
				ALWAYS_SEARCH_USER_PATHS = NO;
				CLANG_ANALYZER_NONNULL = YES;
				CLANG_ANALYZER_NUMBER_OBJECT_CONVERSION = YES_AGGRESSIVE;
				CLANG_CXX_LANGUAGE_STANDARD = "gnu++14";
				CLANG_CXX_LIBRARY = "libc++";
				CLANG_ENABLE_MODULES = YES;
				CLANG_ENABLE_OBJC_ARC = YES;
				CLANG_ENABLE_OBJC_WEAK = YES;
				CLANG_WARN_BLOCK_CAPTURE_AUTORELEASING = YES;
				CLANG_WARN_BOOL_CONVERSION = YES;
				CLANG_WARN_COMMA = YES;
				CLANG_WARN_CONSTANT_CONVERSION = YES;
				CLANG_WARN_DEPRECATED_OBJC_IMPLEMENTATIONS = YES;
				CLANG_WARN_DIRECT_OBJC_ISA_USAGE = YES_ERROR;
				CLANG_WARN_DOCUMENTATION_COMMENTS = YES;
				CLANG_WARN_EMPTY_BODY = YES;
				CLANG_WARN_ENUM_CONVERSION = YES;
				CLANG_WARN_INFINITE_RECURSION = YES;
				CLANG_WARN_INT_CONVERSION = YES;
				CLANG_WARN_NON_LITERAL_NULL_CONVERSION = YES;
				CLANG_WARN_OBJC_IMPLICIT_RETAIN_SELF = YES;
				CLANG_WARN_OBJC_LITERAL_CONVERSION = YES;
				CLANG_WARN_OBJC_ROOT_CLASS = YES_ERROR;
				CLANG_WARN_QUOTED_INCLUDE_IN_FRAMEWORK_HEADER = YES;
				CLANG_WARN_RANGE_LOOP_ANALYSIS = YES;
				CLANG_WARN_STRICT_PROTOTYPES = YES;
				CLANG_WARN_SUSPICIOUS_MOVE = YES;
				CLANG_WARN_UNGUARDED_AVAILABILITY = YES_AGGRESSIVE;
				CLANG_WARN_UNREACHABLE_CODE = YES;
				CLANG_WARN__DUPLICATE_METHOD_MATCH = YES;
				COPY_PHASE_STRIP = NO;
				DEBUG_INFORMATION_FORMAT = dwarf;
				ENABLE_STRICT_OBJC_MSGSEND = YES;
				ENABLE_TESTABILITY = YES;
				GCC_C_LANGUAGE_STANDARD = gnu11;
				GCC_DYNAMIC_NO_PIC = NO;
				GCC_NO_COMMON_BLOCKS = YES;
				GCC_OPTIMIZATION_LEVEL = 0;
				GCC_PREPROCESSOR_DEFINITIONS = (
					"DEBUG=1",
					"$(inherited)",
				);
				GCC_WARN_64_TO_32_BIT_CONVERSION = YES;
				GCC_WARN_ABOUT_RETURN_TYPE = YES_ERROR;
				GCC_WARN_UNDECLARED_SELECTOR = YES;
				GCC_WARN_UNINITIALIZED_AUTOS = YES_AGGRESSIVE;
				GCC_WARN_UNUSED_FUNCTION = YES;
				GCC_WARN_UNUSED_VARIABLE = YES;
				IPHONEOS_DEPLOYMENT_TARGET = 14.4;
				MTL_ENABLE_DEBUG_INFO = INCLUDE_SOURCE;
				MTL_FAST_MATH = YES;
				ONLY_ACTIVE_ARCH = YES;
				SDKROOT = iphoneos;
				SWIFT_ACTIVE_COMPILATION_CONDITIONS = DEBUG;
				SWIFT_OPTIMIZATION_LEVEL = "-Onone";
			};
			name = Debug;
		};
		B4DB86FB26379A590088303E /* Release */ = {
			isa = XCBuildConfiguration;
			buildSettings = {
				ALWAYS_SEARCH_USER_PATHS = NO;
				CLANG_ANALYZER_NONNULL = YES;
				CLANG_ANALYZER_NUMBER_OBJECT_CONVERSION = YES_AGGRESSIVE;
				CLANG_CXX_LANGUAGE_STANDARD = "gnu++14";
				CLANG_CXX_LIBRARY = "libc++";
				CLANG_ENABLE_MODULES = YES;
				CLANG_ENABLE_OBJC_ARC = YES;
				CLANG_ENABLE_OBJC_WEAK = YES;
				CLANG_WARN_BLOCK_CAPTURE_AUTORELEASING = YES;
				CLANG_WARN_BOOL_CONVERSION = YES;
				CLANG_WARN_COMMA = YES;
				CLANG_WARN_CONSTANT_CONVERSION = YES;
				CLANG_WARN_DEPRECATED_OBJC_IMPLEMENTATIONS = YES;
				CLANG_WARN_DIRECT_OBJC_ISA_USAGE = YES_ERROR;
				CLANG_WARN_DOCUMENTATION_COMMENTS = YES;
				CLANG_WARN_EMPTY_BODY = YES;
				CLANG_WARN_ENUM_CONVERSION = YES;
				CLANG_WARN_INFINITE_RECURSION = YES;
				CLANG_WARN_INT_CONVERSION = YES;
				CLANG_WARN_NON_LITERAL_NULL_CONVERSION = YES;
				CLANG_WARN_OBJC_IMPLICIT_RETAIN_SELF = YES;
				CLANG_WARN_OBJC_LITERAL_CONVERSION = YES;
				CLANG_WARN_OBJC_ROOT_CLASS = YES_ERROR;
				CLANG_WARN_QUOTED_INCLUDE_IN_FRAMEWORK_HEADER = YES;
				CLANG_WARN_RANGE_LOOP_ANALYSIS = YES;
				CLANG_WARN_STRICT_PROTOTYPES = YES;
				CLANG_WARN_SUSPICIOUS_MOVE = YES;
				CLANG_WARN_UNGUARDED_AVAILABILITY = YES_AGGRESSIVE;
				CLANG_WARN_UNREACHABLE_CODE = YES;
				CLANG_WARN__DUPLICATE_METHOD_MATCH = YES;
				COPY_PHASE_STRIP = NO;
				DEBUG_INFORMATION_FORMAT = "dwarf-with-dsym";
				ENABLE_NS_ASSERTIONS = NO;
				ENABLE_STRICT_OBJC_MSGSEND = YES;
				GCC_C_LANGUAGE_STANDARD = gnu11;
				GCC_NO_COMMON_BLOCKS = YES;
				GCC_WARN_64_TO_32_BIT_CONVERSION = YES;
				GCC_WARN_ABOUT_RETURN_TYPE = YES_ERROR;
				GCC_WARN_UNDECLARED_SELECTOR = YES;
				GCC_WARN_UNINITIALIZED_AUTOS = YES_AGGRESSIVE;
				GCC_WARN_UNUSED_FUNCTION = YES;
				GCC_WARN_UNUSED_VARIABLE = YES;
				IPHONEOS_DEPLOYMENT_TARGET = 14.4;
				MTL_ENABLE_DEBUG_INFO = NO;
				MTL_FAST_MATH = YES;
				SDKROOT = iphoneos;
				SWIFT_COMPILATION_MODE = wholemodule;
				SWIFT_OPTIMIZATION_LEVEL = "-O";
				VALIDATE_PRODUCT = YES;
			};
			name = Release;
		};
		B4DB86FD26379A590088303E /* Debug */ = {
			isa = XCBuildConfiguration;
			buildSettings = {
				ASSETCATALOG_COMPILER_APPICON_NAME = AppIcon;
				ASSETCATALOG_COMPILER_GLOBAL_ACCENT_COLOR_NAME = AccentColor;
				CODE_SIGN_STYLE = Automatic;
				DEVELOPMENT_TEAM = 7J7X7MSP86;
				INFOPLIST_FILE = Weathercat/Info.plist;
				LD_RUNPATH_SEARCH_PATHS = (
					"$(inherited)",
					"@executable_path/Frameworks",
				);
				PRODUCT_BUNDLE_IDENTIFIER = UmbraCorp.Weathercat;
				PRODUCT_NAME = "$(TARGET_NAME)";
				SWIFT_VERSION = 5.0;
				TARGETED_DEVICE_FAMILY = "1,2";
			};
			name = Debug;
		};
		B4DB86FE26379A590088303E /* Release */ = {
			isa = XCBuildConfiguration;
			buildSettings = {
				ASSETCATALOG_COMPILER_APPICON_NAME = AppIcon;
				ASSETCATALOG_COMPILER_GLOBAL_ACCENT_COLOR_NAME = AccentColor;
				CODE_SIGN_STYLE = Automatic;
				DEVELOPMENT_TEAM = 7J7X7MSP86;
				INFOPLIST_FILE = Weathercat/Info.plist;
				LD_RUNPATH_SEARCH_PATHS = (
					"$(inherited)",
					"@executable_path/Frameworks",
				);
				PRODUCT_BUNDLE_IDENTIFIER = UmbraCorp.Weathercat;
				PRODUCT_NAME = "$(TARGET_NAME)";
				SWIFT_VERSION = 5.0;
				TARGETED_DEVICE_FAMILY = "1,2";
			};
			name = Release;
		};
		B4DB870026379A590088303E /* Debug */ = {
			isa = XCBuildConfiguration;
			buildSettings = {
				ALWAYS_EMBED_SWIFT_STANDARD_LIBRARIES = YES;
				BUNDLE_LOADER = "$(TEST_HOST)";
				CODE_SIGN_STYLE = Automatic;
				DEVELOPMENT_TEAM = 7J7X7MSP86;
				INFOPLIST_FILE = WeathercatTests/Info.plist;
				IPHONEOS_DEPLOYMENT_TARGET = 14.4;
				LD_RUNPATH_SEARCH_PATHS = (
					"$(inherited)",
					"@executable_path/Frameworks",
					"@loader_path/Frameworks",
				);
				PRODUCT_BUNDLE_IDENTIFIER = UmbraCorp.WeathercatTests;
				PRODUCT_NAME = "$(TARGET_NAME)";
				SWIFT_VERSION = 5.0;
				TARGETED_DEVICE_FAMILY = "1,2";
				TEST_HOST = "$(BUILT_PRODUCTS_DIR)/Weathercat.app/Weathercat";
			};
			name = Debug;
		};
		B4DB870126379A590088303E /* Release */ = {
			isa = XCBuildConfiguration;
			buildSettings = {
				ALWAYS_EMBED_SWIFT_STANDARD_LIBRARIES = YES;
				BUNDLE_LOADER = "$(TEST_HOST)";
				CODE_SIGN_STYLE = Automatic;
				DEVELOPMENT_TEAM = 7J7X7MSP86;
				INFOPLIST_FILE = WeathercatTests/Info.plist;
				IPHONEOS_DEPLOYMENT_TARGET = 14.4;
				LD_RUNPATH_SEARCH_PATHS = (
					"$(inherited)",
					"@executable_path/Frameworks",
					"@loader_path/Frameworks",
				);
				PRODUCT_BUNDLE_IDENTIFIER = UmbraCorp.WeathercatTests;
				PRODUCT_NAME = "$(TARGET_NAME)";
				SWIFT_VERSION = 5.0;
				TARGETED_DEVICE_FAMILY = "1,2";
				TEST_HOST = "$(BUILT_PRODUCTS_DIR)/Weathercat.app/Weathercat";
			};
			name = Release;
		};
		B4DB870326379A590088303E /* Debug */ = {
			isa = XCBuildConfiguration;
			buildSettings = {
				ALWAYS_EMBED_SWIFT_STANDARD_LIBRARIES = YES;
				CODE_SIGN_STYLE = Automatic;
				DEVELOPMENT_TEAM = 7J7X7MSP86;
				INFOPLIST_FILE = WeathercatUITests/Info.plist;
				LD_RUNPATH_SEARCH_PATHS = (
					"$(inherited)",
					"@executable_path/Frameworks",
					"@loader_path/Frameworks",
				);
				PRODUCT_BUNDLE_IDENTIFIER = UmbraCorp.WeathercatUITests;
				PRODUCT_NAME = "$(TARGET_NAME)";
				SWIFT_VERSION = 5.0;
				TARGETED_DEVICE_FAMILY = "1,2";
				TEST_TARGET_NAME = Weathercat;
			};
			name = Debug;
		};
		B4DB870426379A590088303E /* Release */ = {
			isa = XCBuildConfiguration;
			buildSettings = {
				ALWAYS_EMBED_SWIFT_STANDARD_LIBRARIES = YES;
				CODE_SIGN_STYLE = Automatic;
				DEVELOPMENT_TEAM = 7J7X7MSP86;
				INFOPLIST_FILE = WeathercatUITests/Info.plist;
				LD_RUNPATH_SEARCH_PATHS = (
					"$(inherited)",
					"@executable_path/Frameworks",
					"@loader_path/Frameworks",
				);
				PRODUCT_BUNDLE_IDENTIFIER = UmbraCorp.WeathercatUITests;
				PRODUCT_NAME = "$(TARGET_NAME)";
				SWIFT_VERSION = 5.0;
				TARGETED_DEVICE_FAMILY = "1,2";
				TEST_TARGET_NAME = Weathercat;
			};
			name = Release;
		};
/* End XCBuildConfiguration section */

/* Begin XCConfigurationList section */
		B4DB86CA26379A550088303E /* Build configuration list for PBXProject "Weathercat" */ = {
			isa = XCConfigurationList;
			buildConfigurations = (
				B4DB86FA26379A590088303E /* Debug */,
				B4DB86FB26379A590088303E /* Release */,
			);
			defaultConfigurationIsVisible = 0;
			defaultConfigurationName = Release;
		};
		B4DB86FC26379A590088303E /* Build configuration list for PBXNativeTarget "Weathercat" */ = {
			isa = XCConfigurationList;
			buildConfigurations = (
				B4DB86FD26379A590088303E /* Debug */,
				B4DB86FE26379A590088303E /* Release */,
			);
			defaultConfigurationIsVisible = 0;
			defaultConfigurationName = Release;
		};
		B4DB86FF26379A590088303E /* Build configuration list for PBXNativeTarget "WeathercatTests" */ = {
			isa = XCConfigurationList;
			buildConfigurations = (
				B4DB870026379A590088303E /* Debug */,
				B4DB870126379A590088303E /* Release */,
			);
			defaultConfigurationIsVisible = 0;
			defaultConfigurationName = Release;
		};
		B4DB870226379A590088303E /* Build configuration list for PBXNativeTarget "WeathercatUITests" */ = {
			isa = XCConfigurationList;
			buildConfigurations = (
				B4DB870326379A590088303E /* Debug */,
				B4DB870426379A590088303E /* Release */,
			);
			defaultConfigurationIsVisible = 0;
			defaultConfigurationName = Release;
		};
/* End XCConfigurationList section */

/* Begin XCVersionGroup section */
		B4DB86DB26379A550088303E /* Weathercat.xcdatamodeld */ = {
			isa = XCVersionGroup;
			children = (
				B4DB86DC26379A550088303E /* Weathercat.xcdatamodel */,
			);
			currentVersion = B4DB86DC26379A550088303E /* Weathercat.xcdatamodel */;
			path = Weathercat.xcdatamodeld;
			sourceTree = "<group>";
			versionGroupType = wrapper.xcdatamodel;
		};
/* End XCVersionGroup section */
	};
	rootObject = B4DB86C726379A550088303E /* Project object */;
}
